
Microsoft Visual Studio Solution File, Format Version 12.00
# Visual Studio Version 16
VisualStudioVersion = 16.0.30330.147
MinimumVisualStudioVersion = 10.0.40219.1
Project("{2150E333-8FDC-42A3-9474-1A3956D46DE8}") = "01 - Presentation", "01 - Presentation", "{F3708396-1A6A-48A3-9F26-2D0343C2928D}"
EndProject
Project("{2150E333-8FDC-42A3-9474-1A3956D46DE8}") = "02 - Services", "02 - Services", "{141A10BD-5ACD-485E-A6DE-9E43F2F1AB33}"
EndProject
Project("{2150E333-8FDC-42A3-9474-1A3956D46DE8}") = "03 - Application", "03 - Application", "{F8F8B9CA-E002-49E0-927A-EE481834CD94}"
EndProject
Project("{2150E333-8FDC-42A3-9474-1A3956D46DE8}") = "04 - Domain", "04 - Domain", "{D77A050C-B322-4FAB-B5C7-33CA78C1AB8D}"
EndProject
Project("{2150E333-8FDC-42A3-9474-1A3956D46DE8}") = "05 - Infra", "05 - Infra", "{4D8D45AB-395C-4693-AB98-398A0E075DF1}"
EndProject
Project("{2150E333-8FDC-42A3-9474-1A3956D46DE8}") = "src", "src", "{2B69A3D2-D064-4107-9B70-652D212C0D30}"
EndProject
Project("{2150E333-8FDC-42A3-9474-1A3956D46DE8}") = "test", "test", "{7D6E7C8C-C80A-4ED4-8F50-C004E9D79A22}"
EndProject
Project("{9A19103F-16F7-4668-BE54-9A1E7A4F7556}") = "IplanRio.Web", "src\IplanRio.Web\IplanRio.Web.csproj", "{6B44895A-5A2D-44FC-9121-B53D4BCC5172}"
EndProject
Project("{9A19103F-16F7-4668-BE54-9A1E7A4F7556}") = "IplanRio.Application", "src\IplanRio.Application\IplanRio.Application.csproj", "{36070D5F-E082-4231-8AAD-15ACA67D22AA}"
EndProject
Project("{9A19103F-16F7-4668-BE54-9A1E7A4F7556}") = "IplanRio.Domain", "src\IplanRio.Domain\IplanRio.Domain.csproj", "{441679E5-6D4D-4CD8-B9B6-2250A30493BA}"
EndProject
Project("{9A19103F-16F7-4668-BE54-9A1E7A4F7556}") = "IplanRio.Infrastructure.Data", "src\IplanRio.Infrastructure.Data\IplanRio.Infrastructure.Data.csproj", "{2A8698F2-C81A-4C09-BFA3-5F98EE251870}"
EndProject
Project("{9A19103F-16F7-4668-BE54-9A1E7A4F7556}") = "IplanRio.Infrastructure.IoC", "src\IplanRio.Infrastructure.IoC\IplanRio.Infrastructure.IoC.csproj", "{C2EE27A7-9BF0-4080-8259-8D5946B367FC}"
EndProject
Project("{9A19103F-16F7-4668-BE54-9A1E7A4F7556}") = "IplanRio.Unit.Tests", "test\IplanRio.Unit.Tests\IplanRio.Unit.Tests.csproj", "{0F68F9E8-BBCF-4D6A-9167-D0D9CD38D447}"
EndProject
Global
	GlobalSection(SolutionConfigurationPlatforms) = preSolution
		Debug|Any CPU = Debug|Any CPU
		Release|Any CPU = Release|Any CPU
	EndGlobalSection
	GlobalSection(ProjectConfigurationPlatforms) = postSolution
		{6B44895A-5A2D-44FC-9121-B53D4BCC5172}.Debug|Any CPU.ActiveCfg = Debug|Any CPU
		{6B44895A-5A2D-44FC-9121-B53D4BCC5172}.Debug|Any CPU.Build.0 = Debug|Any CPU
		{6B44895A-5A2D-44FC-9121-B53D4BCC5172}.Release|Any CPU.ActiveCfg = Release|Any CPU
		{6B44895A-5A2D-44FC-9121-B53D4BCC5172}.Release|Any CPU.Build.0 = Release|Any CPU
		{36070D5F-E082-4231-8AAD-15ACA67D22AA}.Debug|Any CPU.ActiveCfg = Debug|Any CPU
		{36070D5F-E082-4231-8AAD-15ACA67D22AA}.Debug|Any CPU.Build.0 = Debug|Any CPU
		{36070D5F-E082-4231-8AAD-15ACA67D22AA}.Release|Any CPU.ActiveCfg = Release|Any CPU
		{36070D5F-E082-4231-8AAD-15ACA67D22AA}.Release|Any CPU.Build.0 = Release|Any CPU
		{441679E5-6D4D-4CD8-B9B6-2250A30493BA}.Debug|Any CPU.ActiveCfg = Debug|Any CPU
		{441679E5-6D4D-4CD8-B9B6-2250A30493BA}.Debug|Any CPU.Build.0 = Debug|Any CPU
		{441679E5-6D4D-4CD8-B9B6-2250A30493BA}.Release|Any CPU.ActiveCfg = Release|Any CPU
		{441679E5-6D4D-4CD8-B9B6-2250A30493BA}.Release|Any CPU.Build.0 = Release|Any CPU
		{2A8698F2-C81A-4C09-BFA3-5F98EE251870}.Debug|Any CPU.ActiveCfg = Debug|Any CPU
		{2A8698F2-C81A-4C09-BFA3-5F98EE251870}.Debug|Any CPU.Build.0 = Debug|Any CPU
		{2A8698F2-C81A-4C09-BFA3-5F98EE251870}.Release|Any CPU.ActiveCfg = Release|Any CPU
		{2A8698F2-C81A-4C09-BFA3-5F98EE251870}.Release|Any CPU.Build.0 = Release|Any CPU
		{C2EE27A7-9BF0-4080-8259-8D5946B367FC}.Debug|Any CPU.ActiveCfg = Debug|Any CPU
		{C2EE27A7-9BF0-4080-8259-8D5946B367FC}.Debug|Any CPU.Build.0 = Debug|Any CPU
		{C2EE27A7-9BF0-4080-8259-8D5946B367FC}.Release|Any CPU.ActiveCfg = Release|Any CPU
		{C2EE27A7-9BF0-4080-8259-8D5946B367FC}.Release|Any CPU.Build.0 = Release|Any CPU
		{0F68F9E8-BBCF-4D6A-9167-D0D9CD38D447}.Debug|Any CPU.ActiveCfg = Debug|Any CPU
		{0F68F9E8-BBCF-4D6A-9167-D0D9CD38D447}.Debug|Any CPU.Build.0 = Debug|Any CPU
		{0F68F9E8-BBCF-4D6A-9167-D0D9CD38D447}.Release|Any CPU.ActiveCfg = Release|Any CPU
		{0F68F9E8-BBCF-4D6A-9167-D0D9CD38D447}.Release|Any CPU.Build.0 = Release|Any CPU
	EndGlobalSection
	GlobalSection(SolutionProperties) = preSolution
		HideSolutionNode = FALSE
	EndGlobalSection
	GlobalSection(NestedProjects) = preSolution
		{F3708396-1A6A-48A3-9F26-2D0343C2928D} = {2B69A3D2-D064-4107-9B70-652D212C0D30}
		{141A10BD-5ACD-485E-A6DE-9E43F2F1AB33} = {2B69A3D2-D064-4107-9B70-652D212C0D30}
		{F8F8B9CA-E002-49E0-927A-EE481834CD94} = {2B69A3D2-D064-4107-9B70-652D212C0D30}
		{D77A050C-B322-4FAB-B5C7-33CA78C1AB8D} = {2B69A3D2-D064-4107-9B70-652D212C0D30}
		{4D8D45AB-395C-4693-AB98-398A0E075DF1} = {2B69A3D2-D064-4107-9B70-652D212C0D30}
		{6B44895A-5A2D-44FC-9121-B53D4BCC5172} = {F3708396-1A6A-48A3-9F26-2D0343C2928D}
		{36070D5F-E082-4231-8AAD-15ACA67D22AA} = {F8F8B9CA-E002-49E0-927A-EE481834CD94}
		{441679E5-6D4D-4CD8-B9B6-2250A30493BA} = {D77A050C-B322-4FAB-B5C7-33CA78C1AB8D}
		{2A8698F2-C81A-4C09-BFA3-5F98EE251870} = {4D8D45AB-395C-4693-AB98-398A0E075DF1}
		{C2EE27A7-9BF0-4080-8259-8D5946B367FC} = {4D8D45AB-395C-4693-AB98-398A0E075DF1}
		{0F68F9E8-BBCF-4D6A-9167-D0D9CD38D447} = {7D6E7C8C-C80A-4ED4-8F50-C004E9D79A22}
	EndGlobalSection
	GlobalSection(ExtensibilityGlobals) = postSolution
		SolutionGuid = {CBD7E39E-8BE1-482D-A07A-10BDE2D8D1E6}
	EndGlobalSection
EndGlobal
