
Microsoft Visual Studio Solution File, Format Version 12.00
# Visual Studio Version 16
VisualStudioVersion = 16.0.30330.147
MinimumVisualStudioVersion = 10.0.40219.1
Project("{2150E333-8FDC-42A3-9474-1A3956D46DE8}") = "01 - Presentation", "01 - Presentation", "{F3708396-1A6A-48A3-9F26-2D0343C2928D}"
EndProject
Project("{9A19103F-16F7-4668-BE54-9A1E7A4F7556}") = "IplanRio.Web", "IplanRio.Web\IplanRio.Web.csproj", "{3E518AB8-6BD9-4468-991D-4A94C66E431C}"
EndProject
Project("{2150E333-8FDC-42A3-9474-1A3956D46DE8}") = "02 - Services", "02 - Services", "{141A10BD-5ACD-485E-A6DE-9E43F2F1AB33}"
EndProject
Project("{2150E333-8FDC-42A3-9474-1A3956D46DE8}") = "03 - Application", "03 - Application", "{F8F8B9CA-E002-49E0-927A-EE481834CD94}"
EndProject
Project("{2150E333-8FDC-42A3-9474-1A3956D46DE8}") = "04 - Domain", "04 - Domain", "{D77A050C-B322-4FAB-B5C7-33CA78C1AB8D}"
EndProject
Project("{2150E333-8FDC-42A3-9474-1A3956D46DE8}") = "05 - Infra", "05 - Infra", "{4D8D45AB-395C-4693-AB98-398A0E075DF1}"
EndProject
Project("{9A19103F-16F7-4668-BE54-9A1E7A4F7556}") = "IplanRio.Domain", "IplanRio.Domain\IplanRio.Domain.csproj", "{273FAE00-93C2-434C-BA44-FC9B1BBE2716}"
EndProject
Project("{9A19103F-16F7-4668-BE54-9A1E7A4F7556}") = "IplanRio.Application", "IplanRio.Application\IplanRio.Application.csproj", "{A2A2029A-3CA9-4A3A-86FF-87CFA6390253}"
EndProject
Project("{9A19103F-16F7-4668-BE54-9A1E7A4F7556}") = "IplanRio.Infrastructure.Data", "IplanRio.Infrastructure.Data\IplanRio.Infrastructure.Data.csproj", "{13E19C1E-3B79-4129-8750-7C3B46BC284E}"
EndProject
Project("{9A19103F-16F7-4668-BE54-9A1E7A4F7556}") = "IplanRio.Infrastructure.IoC", "IplanRio.Infrastructure.IoC\IplanRio.Infrastructure.IoC.csproj", "{610C0D51-B065-4711-9520-478AFAE588D3}"
EndProject
Project("{2150E333-8FDC-42A3-9474-1A3956D46DE8}") = "src", "src", "{2B69A3D2-D064-4107-9B70-652D212C0D30}"
EndProject
Project("{2150E333-8FDC-42A3-9474-1A3956D46DE8}") = "test", "test", "{7D6E7C8C-C80A-4ED4-8F50-C004E9D79A22}"
EndProject
Project("{9A19103F-16F7-4668-BE54-9A1E7A4F7556}") = "IplanRio.Unit.Tests", "..\test\IplanRio.Unit.Tests\IplanRio.Unit.Tests.csproj", "{9A89D543-115C-4678-835C-933F2F573DB4}"
EndProject
Global
	GlobalSection(SolutionConfigurationPlatforms) = preSolution
		Debug|Any CPU = Debug|Any CPU
		Release|Any CPU = Release|Any CPU
	EndGlobalSection
	GlobalSection(ProjectConfigurationPlatforms) = postSolution
		{3E518AB8-6BD9-4468-991D-4A94C66E431C}.Debug|Any CPU.ActiveCfg = Debug|Any CPU
		{3E518AB8-6BD9-4468-991D-4A94C66E431C}.Debug|Any CPU.Build.0 = Debug|Any CPU
		{3E518AB8-6BD9-4468-991D-4A94C66E431C}.Release|Any CPU.ActiveCfg = Release|Any CPU
		{3E518AB8-6BD9-4468-991D-4A94C66E431C}.Release|Any CPU.Build.0 = Release|Any CPU
		{273FAE00-93C2-434C-BA44-FC9B1BBE2716}.Debug|Any CPU.ActiveCfg = Debug|Any CPU
		{273FAE00-93C2-434C-BA44-FC9B1BBE2716}.Debug|Any CPU.Build.0 = Debug|Any CPU
		{273FAE00-93C2-434C-BA44-FC9B1BBE2716}.Release|Any CPU.ActiveCfg = Release|Any CPU
		{273FAE00-93C2-434C-BA44-FC9B1BBE2716}.Release|Any CPU.Build.0 = Release|Any CPU
		{A2A2029A-3CA9-4A3A-86FF-87CFA6390253}.Debug|Any CPU.ActiveCfg = Debug|Any CPU
		{A2A2029A-3CA9-4A3A-86FF-87CFA6390253}.Debug|Any CPU.Build.0 = Debug|Any CPU
		{A2A2029A-3CA9-4A3A-86FF-87CFA6390253}.Release|Any CPU.ActiveCfg = Release|Any CPU
		{A2A2029A-3CA9-4A3A-86FF-87CFA6390253}.Release|Any CPU.Build.0 = Release|Any CPU
		{13E19C1E-3B79-4129-8750-7C3B46BC284E}.Debug|Any CPU.ActiveCfg = Debug|Any CPU
		{13E19C1E-3B79-4129-8750-7C3B46BC284E}.Debug|Any CPU.Build.0 = Debug|Any CPU
		{13E19C1E-3B79-4129-8750-7C3B46BC284E}.Release|Any CPU.ActiveCfg = Release|Any CPU
		{13E19C1E-3B79-4129-8750-7C3B46BC284E}.Release|Any CPU.Build.0 = Release|Any CPU
		{610C0D51-B065-4711-9520-478AFAE588D3}.Debug|Any CPU.ActiveCfg = Debug|Any CPU
		{610C0D51-B065-4711-9520-478AFAE588D3}.Debug|Any CPU.Build.0 = Debug|Any CPU
		{610C0D51-B065-4711-9520-478AFAE588D3}.Release|Any CPU.ActiveCfg = Release|Any CPU
		{610C0D51-B065-4711-9520-478AFAE588D3}.Release|Any CPU.Build.0 = Release|Any CPU
		{9A89D543-115C-4678-835C-933F2F573DB4}.Debug|Any CPU.ActiveCfg = Debug|Any CPU
		{9A89D543-115C-4678-835C-933F2F573DB4}.Debug|Any CPU.Build.0 = Debug|Any CPU
		{9A89D543-115C-4678-835C-933F2F573DB4}.Release|Any CPU.ActiveCfg = Release|Any CPU
		{9A89D543-115C-4678-835C-933F2F573DB4}.Release|Any CPU.Build.0 = Release|Any CPU
	EndGlobalSection
	GlobalSection(SolutionProperties) = preSolution
		HideSolutionNode = FALSE
	EndGlobalSection
	GlobalSection(NestedProjects) = preSolution
		{F3708396-1A6A-48A3-9F26-2D0343C2928D} = {2B69A3D2-D064-4107-9B70-652D212C0D30}
		{3E518AB8-6BD9-4468-991D-4A94C66E431C} = {F3708396-1A6A-48A3-9F26-2D0343C2928D}
		{141A10BD-5ACD-485E-A6DE-9E43F2F1AB33} = {2B69A3D2-D064-4107-9B70-652D212C0D30}
		{F8F8B9CA-E002-49E0-927A-EE481834CD94} = {2B69A3D2-D064-4107-9B70-652D212C0D30}
		{D77A050C-B322-4FAB-B5C7-33CA78C1AB8D} = {2B69A3D2-D064-4107-9B70-652D212C0D30}
		{4D8D45AB-395C-4693-AB98-398A0E075DF1} = {2B69A3D2-D064-4107-9B70-652D212C0D30}
		{273FAE00-93C2-434C-BA44-FC9B1BBE2716} = {D77A050C-B322-4FAB-B5C7-33CA78C1AB8D}
		{A2A2029A-3CA9-4A3A-86FF-87CFA6390253} = {F8F8B9CA-E002-49E0-927A-EE481834CD94}
		{13E19C1E-3B79-4129-8750-7C3B46BC284E} = {4D8D45AB-395C-4693-AB98-398A0E075DF1}
		{610C0D51-B065-4711-9520-478AFAE588D3} = {4D8D45AB-395C-4693-AB98-398A0E075DF1}
		{9A89D543-115C-4678-835C-933F2F573DB4} = {7D6E7C8C-C80A-4ED4-8F50-C004E9D79A22}
	EndGlobalSection
	GlobalSection(ExtensibilityGlobals) = postSolution
		SolutionGuid = {CBD7E39E-8BE1-482D-A07A-10BDE2D8D1E6}
	EndGlobalSection
EndGlobal
